
Microsoft Visual Studio Solution File, Format Version 12.00
# Visual Studio 15
VisualStudioVersion = 15.0.27130.2027
MinimumVisualStudioVersion = 10.0.40219.1
Project("{FAE04EC0-301F-11D3-BF4B-00C04F79EFBC}") = "MathSolver", "MathSolver\MathSolver.csproj", "{88F30723-8A4D-4BFD-9828-60B8B5221C76}"
EndProject
Project("{FAE04EC0-301F-11D3-BF4B-00C04F79EFBC}") = "MathSolver.Services", "MathSolver.Services\MathSolver.Services.csproj", "{9677C78F-B63C-433F-B044-97713D35BE17}"
EndProject
Project("{FAE04EC0-301F-11D3-BF4B-00C04F79EFBC}") = "MathSolver.Common", "MathSolver.Common\MathSolver.Common.csproj", "{F080F184-FE09-403A-AA01-FF79B0FC7476}"
EndProject
Global
	GlobalSection(SolutionConfigurationPlatforms) = preSolution
		Debug|Any CPU = Debug|Any CPU
		Release|Any CPU = Release|Any CPU
	EndGlobalSection
	GlobalSection(ProjectConfigurationPlatforms) = postSolution
		{88F30723-8A4D-4BFD-9828-60B8B5221C76}.Debug|Any CPU.ActiveCfg = Debug|Any CPU
		{88F30723-8A4D-4BFD-9828-60B8B5221C76}.Debug|Any CPU.Build.0 = Debug|Any CPU
		{88F30723-8A4D-4BFD-9828-60B8B5221C76}.Release|Any CPU.ActiveCfg = Release|Any CPU
		{88F30723-8A4D-4BFD-9828-60B8B5221C76}.Release|Any CPU.Build.0 = Release|Any CPU
		{9677C78F-B63C-433F-B044-97713D35BE17}.Debug|Any CPU.ActiveCfg = Debug|Any CPU
		{9677C78F-B63C-433F-B044-97713D35BE17}.Debug|Any CPU.Build.0 = Debug|Any CPU
		{9677C78F-B63C-433F-B044-97713D35BE17}.Release|Any CPU.ActiveCfg = Release|Any CPU
		{9677C78F-B63C-433F-B044-97713D35BE17}.Release|Any CPU.Build.0 = Release|Any CPU
		{F080F184-FE09-403A-AA01-FF79B0FC7476}.Debug|Any CPU.ActiveCfg = Debug|Any CPU
		{F080F184-FE09-403A-AA01-FF79B0FC7476}.Debug|Any CPU.Build.0 = Debug|Any CPU
		{F080F184-FE09-403A-AA01-FF79B0FC7476}.Release|Any CPU.ActiveCfg = Release|Any CPU
		{F080F184-FE09-403A-AA01-FF79B0FC7476}.Release|Any CPU.Build.0 = Release|Any CPU
	EndGlobalSection
	GlobalSection(SolutionProperties) = preSolution
		HideSolutionNode = FALSE
	EndGlobalSection
	GlobalSection(ExtensibilityGlobals) = postSolution
		SolutionGuid = {A6F546A9-DD2F-43C0-BA09-7187DE269A34}
	EndGlobalSection
EndGlobal
